// !$*UTF8*$!
{
	archiveVersion = 1;
	classes = {
	};
	objectVersion = 46;
	objects = {

/* Begin PBXBuildFile section */
		6FB4E52B1FB2D1BF00E2A460 /* main.m in Sources */ = {isa = PBXBuildFile; fileRef = 6FB4E52A1FB2D1BF00E2A460 /* main.m */; };
		6FB4E52E1FB2D1BF00E2A460 /* AppDelegate.m in Sources */ = {isa = PBXBuildFile; fileRef = 6FB4E52D1FB2D1BF00E2A460 /* AppDelegate.m */; };
		6FB4E5311FB2D1BF00E2A460 /* ViewController.m in Sources */ = {isa = PBXBuildFile; fileRef = 6FB4E5301FB2D1BF00E2A460 /* ViewController.m */; };
		6FB4E5341FB2D1BF00E2A460 /* Main.storyboard in Resources */ = {isa = PBXBuildFile; fileRef = 6FB4E5321FB2D1BF00E2A460 /* Main.storyboard */; };
		6FB4E5361FB2D1BF00E2A460 /* Assets.xcassets in Resources */ = {isa = PBXBuildFile; fileRef = 6FB4E5351FB2D1BF00E2A460 /* Assets.xcassets */; };
		6FB4E5391FB2D1BF00E2A460 /* LaunchScreen.storyboard in Resources */ = {isa = PBXBuildFile; fileRef = 6FB4E5371FB2D1BF00E2A460 /* LaunchScreen.storyboard */; };
/* End PBXBuildFile section */

/* Begin PBXFileReference section */
		6FB4E5261FB2D1BF00E2A460 /* day21_iOS_xmlParsing.app */ = {isa = PBXFileReference; explicitFileType = wrapper.application; includeInIndex = 0; path = day21_iOS_xmlParsing.app; sourceTree = BUILT_PRODUCTS_DIR; };
		6FB4E52A1FB2D1BF00E2A460 /* main.m */ = {isa = PBXFileReference; lastKnownFileType = sourcecode.c.objc; path = main.m; sourceTree = "<group>"; };
		6FB4E52C1FB2D1BF00E2A460 /* AppDelegate.h */ = {isa = PBXFileReference; lastKnownFileType = sourcecode.c.h; path = AppDelegate.h; sourceTree = "<group>"; };
		6FB4E52D1FB2D1BF00E2A460 /* AppDelegate.m */ = {isa = PBXFileReference; lastKnownFileType = sourcecode.c.objc; path = AppDelegate.m; sourceTree = "<group>"; };
		6FB4E52F1FB2D1BF00E2A460 /* ViewController.h */ = {isa = PBXFileReference; lastKnownFileType = sourcecode.c.h; path = ViewController.h; sourceTree = "<group>"; };
		6FB4E5301FB2D1BF00E2A460 /* ViewController.m */ = {isa = PBXFileReference; lastKnownFileType = sourcecode.c.objc; path = ViewController.m; sourceTree = "<group>"; };
		6FB4E5331FB2D1BF00E2A460 /* Base */ = {isa = PBXFileReference; lastKnownFileType = file.storyboard; name = Base; path = Base.lproj/Main.storyboard; sourceTree = "<group>"; };
		6FB4E5351FB2D1BF00E2A460 /* Assets.xcassets */ = {isa = PBXFileReference; lastKnownFileType = folder.assetcatalog; path = Assets.xcassets; sourceTree = "<group>"; };
		6FB4E5381FB2D1BF00E2A460 /* Base */ = {isa = PBXFileReference; lastKnownFileType = file.storyboard; name = Base; path = Base.lproj/LaunchScreen.storyboard; sourceTree = "<group>"; };
		6FB4E53A1FB2D1BF00E2A460 /* Info.plist */ = {isa = PBXFileReference; lastKnownFileType = text.plist.xml; path = Info.plist; sourceTree = "<group>"; };
/* End PBXFileReference section */

/* Begin PBXFrameworksBuildPhase section */
		6FB4E5231FB2D1BF00E2A460 /* Frameworks */ = {
			isa = PBXFrameworksBuildPhase;
			buildActionMask = 2147483647;
			files = (
			);
			runOnlyForDeploymentPostprocessing = 0;
		};
/* End PBXFrameworksBuildPhase section */

/* Begin PBXGroup section */
		6FB4E51D1FB2D1BF00E2A460 = {
			isa = PBXGroup;
			children = (
				6FB4E5281FB2D1BF00E2A460 /* day21_iOS_xmlParsing */,
				6FB4E5271FB2D1BF00E2A460 /* Products */,
			);
			sourceTree = "<group>";
		};
		6FB4E5271FB2D1BF00E2A460 /* Products */ = {
			isa = PBXGroup;
			children = (
				6FB4E5261FB2D1BF00E2A460 /* day21_iOS_xmlParsing.app */,
			);
			name = Products;
			sourceTree = "<group>";
		};
		6FB4E5281FB2D1BF00E2A460 /* day21_iOS_xmlParsing */ = {
			isa = PBXGroup;
			children = (
				6FB4E52C1FB2D1BF00E2A460 /* AppDelegate.h */,
				6FB4E52D1FB2D1BF00E2A460 /* AppDelegate.m */,
				6FB4E52F1FB2D1BF00E2A460 /* ViewController.h */,
				6FB4E5301FB2D1BF00E2A460 /* ViewController.m */,
				6FB4E5321FB2D1BF00E2A460 /* Main.storyboard */,
				6FB4E5351FB2D1BF00E2A460 /* Assets.xcassets */,
				6FB4E5371FB2D1BF00E2A460 /* LaunchScreen.storyboard */,
				6FB4E53A1FB2D1BF00E2A460 /* Info.plist */,
				6FB4E5291FB2D1BF00E2A460 /* Supporting Files */,
			);
			path = day21_iOS_xmlParsing;
			sourceTree = "<group>";
		};
		6FB4E5291FB2D1BF00E2A460 /* Supporting Files */ = {
			isa = PBXGroup;
			children = (
				6FB4E52A1FB2D1BF00E2A460 /* main.m */,
			);
			name = "Supporting Files";
			sourceTree = "<group>";
		};
/* End PBXGroup section */

/* Begin PBXNativeTarget section */
		6FB4E5251FB2D1BF00E2A460 /* day21_iOS_xmlParsing */ = {
			isa = PBXNativeTarget;
			buildConfigurationList = 6FB4E53D1FB2D1BF00E2A460 /* Build configuration list for PBXNativeTarget "day21_iOS_xmlParsing" */;
			buildPhases = (
				6FB4E5221FB2D1BF00E2A460 /* Sources */,
				6FB4E5231FB2D1BF00E2A460 /* Frameworks */,
				6FB4E5241FB2D1BF00E2A460 /* Resources */,
			);
			buildRules = (
			);
			dependencies = (
			);
			name = day21_iOS_xmlParsing;
			productName = day21_iOS_xmlParsing;
			productReference = 6FB4E5261FB2D1BF00E2A460 /* day21_iOS_xmlParsing.app */;
			productType = "com.apple.product-type.application";
		};
/* End PBXNativeTarget section */

/* Begin PBXProject section */
		6FB4E51E1FB2D1BF00E2A460 /* Project object */ = {
			isa = PBXProject;
			attributes = {
				LastUpgradeCheck = 0820;
				ORGANIZATIONNAME = pranjal;
				TargetAttributes = {
					6FB4E5251FB2D1BF00E2A460 = {
						CreatedOnToolsVersion = 8.2;
						ProvisioningStyle = Automatic;
					};
				};
			};
			buildConfigurationList = 6FB4E5211FB2D1BF00E2A460 /* Build configuration list for PBXProject "day21_iOS_xmlParsing" */;
			compatibilityVersion = "Xcode 3.2";
			developmentRegion = English;
			hasScannedForEncodings = 0;
			knownRegions = (
				en,
				Base,
			);
			mainGroup = 6FB4E51D1FB2D1BF00E2A460;
			productRefGroup = 6FB4E5271FB2D1BF00E2A460 /* Products */;
			projectDirPath = "";
			projectRoot = "";
			targets = (
				6FB4E5251FB2D1BF00E2A460 /* day21_iOS_xmlParsing */,
			);
		};
/* End PBXProject section */

/* Begin PBXResourcesBuildPhase section */
		6FB4E5241FB2D1BF00E2A460 /* Resources */ = {
			isa = PBXResourcesBuildPhase;
			buildActionMask = 2147483647;
			files = (
				6FB4E5391FB2D1BF00E2A460 /* LaunchScreen.storyboard in Resources */,
				6FB4E5361FB2D1BF00E2A460 /* Assets.xcassets in Resources */,
				6FB4E5341FB2D1BF00E2A460 /* Main.storyboard in Resources */,
			);
			runOnlyForDeploymentPostprocessing = 0;
		};
/* End PBXResourcesBuildPhase section */

/* Begin PBXSourcesBuildPhase section */
		6FB4E5221FB2D1BF00E2A460 /* Sources */ = {
			isa = PBXSourcesBuildPhase;
			buildActionMask = 2147483647;
			files = (
				6FB4E5311FB2D1BF00E2A460 /* ViewController.m in Sources */,
				6FB4E52E1FB2D1BF00E2A460 /* AppDelegate.m in Sources */,
				6FB4E52B1FB2D1BF00E2A460 /* main.m in Sources */,
			);
			runOnlyForDeploymentPostprocessing = 0;
		};
/* End PBXSourcesBuildPhase section */

/* Begin PBXVariantGroup section */
		6FB4E5321FB2D1BF00E2A460 /* Main.storyboard */ = {
			isa = PBXVariantGroup;
			children = (
				6FB4E5331FB2D1BF00E2A460 /* Base */,
			);
			name = Main.storyboard;
			sourceTree = "<group>";
		};
		6FB4E5371FB2D1BF00E2A460 /* LaunchScreen.storyboard */ = {
			isa = PBXVariantGroup;
			children = (
				6FB4E5381FB2D1BF00E2A460 /* Base */,
			);
			name = LaunchScreen.storyboard;
			sourceTree = "<group>";
		};
/* End PBXVariantGroup section */

/* Begin XCBuildConfiguration section */
		6FB4E53B1FB2D1BF00E2A460 /* Debug */ = {
			isa = XCBuildConfiguration;
			buildSettings = {
				ALWAYS_SEARCH_USER_PATHS = NO;
				CLANG_ANALYZER_NONNULL = YES;
				CLANG_CXX_LANGUAGE_STANDARD = "gnu++0x";
				CLANG_CXX_LIBRARY = "libc++";
				CLANG_ENABLE_MODULES = YES;
				CLANG_ENABLE_OBJC_ARC = YES;
				CLANG_WARN_BOOL_CONVERSION = YES;
				CLANG_WARN_CONSTANT_CONVERSION = YES;
				CLANG_WARN_DIRECT_OBJC_ISA_USAGE = YES_ERROR;
				CLANG_WARN_DOCUMENTATION_COMMENTS = YES;
				CLANG_WARN_EMPTY_BODY = YES;
				CLANG_WARN_ENUM_CONVERSION = YES;
				CLANG_WARN_INFINITE_RECURSION = YES;
				CLANG_WARN_INT_CONVERSION = YES;
				CLANG_WARN_OBJC_ROOT_CLASS = YES_ERROR;
				CLANG_WARN_SUSPICIOUS_MOVE = YES;
				CLANG_WARN_UNREACHABLE_CODE = YES;
				CLANG_WARN__DUPLICATE_METHOD_MATCH = YES;
				"CODE_SIGN_IDENTITY[sdk=iphoneos*]" = "iPhone Developer";
				COPY_PHASE_STRIP = NO;
				DEBUG_INFORMATION_FORMAT = dwarf;
				ENABLE_STRICT_OBJC_MSGSEND = YES;
				ENABLE_TESTABILITY = YES;
				GCC_C_LANGUAGE_STANDARD = gnu99;
				GCC_DYNAMIC_NO_PIC = NO;
				GCC_NO_COMMON_BLOCKS = YES;
				GCC_OPTIMIZATION_LEVEL = 0;
				GCC_PREPROCESSOR_DEFINITIONS = (
					"DEBUG=1",
					"$(inherited)",
				);
				GCC_WARN_64_TO_32_BIT_CONVERSION = YES;
				GCC_WARN_ABOUT_RETURN_TYPE = YES_ERROR;
				GCC_WARN_UNDECLARED_SELECTOR = YES;
				GCC_WARN_UNINITIALIZED_AUTOS = YES_AGGRESSIVE;
				GCC_WARN_UNUSED_FUNCTION = YES;
				GCC_WARN_UNUSED_VARIABLE = YES;
				IPHONEOS_DEPLOYMENT_TARGET = 10.2;
				MTL_ENABLE_DEBUG_INFO = YES;
				ONLY_ACTIVE_ARCH = YES;
				SDKROOT = iphoneos;
				TARGETED_DEVICE_FAMILY = "1,2";
			};
			name = Debug;
		};
		6FB4E53C1FB2D1BF00E2A460 /* Release */ = {
			isa = XCBuildConfiguration;
			buildSettings = {
				ALWAYS_SEARCH_USER_PATHS = NO;
				CLANG_ANALYZER_NONNULL = YES;
				CLANG_CXX_LANGUAGE_STANDARD = "gnu++0x";
				CLANG_CXX_LIBRARY = "libc++";
				CLANG_ENABLE_MODULES = YES;
				CLANG_ENABLE_OBJC_ARC = YES;
				CLANG_WARN_BOOL_CONVERSION = YES;
				CLANG_WARN_CONSTANT_CONVERSION = YES;
				CLANG_WARN_DIRECT_OBJC_ISA_USAGE = YES_ERROR;
				CLANG_WARN_DOCUMENTATION_COMMENTS = YES;
				CLANG_WARN_EMPTY_BODY = YES;
				CLANG_WARN_ENUM_CONVERSION = YES;
				CLANG_WARN_INFINITE_RECURSION = YES;
				CLANG_WARN_INT_CONVERSION = YES;
				CLANG_WARN_OBJC_ROOT_CLASS = YES_ERROR;
				CLANG_WARN_SUSPICIOUS_MOVE = YES;
				CLANG_WARN_UNREACHABLE_CODE = YES;
				CLANG_WARN__DUPLICATE_METHOD_MATCH = YES;
				"CODE_SIGN_IDENTITY[sdk=iphoneos*]" = "iPhone Developer";
				COPY_PHASE_STRIP = NO;
				DEBUG_INFORMATION_FORMAT = "dwarf-with-dsym";
				ENABLE_NS_ASSERTIONS = NO;
				ENABLE_STRICT_OBJC_MSGSEND = YES;
				GCC_C_LANGUAGE_STANDARD = gnu99;
				GCC_NO_COMMON_BLOCKS = YES;
				GCC_WARN_64_TO_32_BIT_CONVERSION = YES;
				GCC_WARN_ABOUT_RETURN_TYPE = YES_ERROR;
				GCC_WARN_UNDECLARED_SELECTOR = YES;
				GCC_WARN_UNINITIALIZED_AUTOS = YES_AGGRESSIVE;
				GCC_WARN_UNUSED_FUNCTION = YES;
				GCC_WARN_UNUSED_VARIABLE = YES;
				IPHONEOS_DEPLOYMENT_TARGET = 10.2;
				MTL_ENABLE_DEBUG_INFO = NO;
				SDKROOT = iphoneos;
				TARGETED_DEVICE_FAMILY = "1,2";
				VALIDATE_PRODUCT = YES;
			};
			name = Release;
		};
		6FB4E53E1FB2D1BF00E2A460 /* Debug */ = {
			isa = XCBuildConfiguration;
			buildSettings = {
				ASSETCATALOG_COMPILER_APPICON_NAME = AppIcon;
				INFOPLIST_FILE = day21_iOS_xmlParsing/Info.plist;
				LD_RUNPATH_SEARCH_PATHS = "$(inherited) @executable_path/Frameworks";
				PRODUCT_BUNDLE_IDENTIFIER = "pranjal.day21-iOS-xmlParsing";
				PRODUCT_NAME = "$(TARGET_NAME)";
			};
			name = Debug;
		};
		6FB4E53F1FB2D1BF00E2A460 /* Release */ = {
			isa = XCBuildConfiguration;
			buildSettings = {
				ASSETCATALOG_COMPILER_APPICON_NAME = AppIcon;
				INFOPLIST_FILE = day21_iOS_xmlParsing/Info.plist;
				LD_RUNPATH_SEARCH_PATHS = "$(inherited) @executable_path/Frameworks";
				PRODUCT_BUNDLE_IDENTIFIER = "pranjal.day21-iOS-xmlParsing";
				PRODUCT_NAME = "$(TARGET_NAME)";
			};
			name = Release;
		};
/* End XCBuildConfiguration section */

/* Begin XCConfigurationList section */
		6FB4E5211FB2D1BF00E2A460 /* Build configuration list for PBXProject "day21_iOS_xmlParsing" */ = {
			isa = XCConfigurationList;
			buildConfigurations = (
				6FB4E53B1FB2D1BF00E2A460 /* Debug */,
				6FB4E53C1FB2D1BF00E2A460 /* Release */,
			);
			defaultConfigurationIsVisible = 0;
			defaultConfigurationName = Release;
		};
		6FB4E53D1FB2D1BF00E2A460 /* Build configuration list for PBXNativeTarget "day21_iOS_xmlParsing" */ = {
			isa = XCConfigurationList;
			buildConfigurations = (
				6FB4E53E1FB2D1BF00E2A460 /* Debug */,
				6FB4E53F1FB2D1BF00E2A460 /* Release */,
			);
			defaultConfigurationIsVisible = 0;
		};
/* End XCConfigurationList section */
	};
	rootObject = 6FB4E51E1FB2D1BF00E2A460 /* Project object */;
}
